
Microsoft Visual Studio Solution File, Format Version 12.00
# Visual Studio Version 17
VisualStudioVersion = 17.9.34607.119
MinimumVisualStudioVersion = 10.0.40219.1
Project("{FAE04EC0-301F-11D3-BF4B-00C04F79EFBC}") = "gitTest", "gitTest.csproj", "{439E35B4-965D-4EC5-AA2B-EA1DB54B5FA0}"
EndProject
Global
	GlobalSection(SolutionConfigurationPlatforms) = preSolution
		Debug|Any CPU = Debug|Any CPU
		Release|Any CPU = Release|Any CPU
	EndGlobalSection
	GlobalSection(ProjectConfigurationPlatforms) = postSolution
		{439E35B4-965D-4EC5-AA2B-EA1DB54B5FA0}.Debug|Any CPU.ActiveCfg = Debug|Any CPU
		{439E35B4-965D-4EC5-AA2B-EA1DB54B5FA0}.Debug|Any CPU.Build.0 = Debug|Any CPU
		{439E35B4-965D-4EC5-AA2B-EA1DB54B5FA0}.Release|Any CPU.ActiveCfg = Release|Any CPU
		{439E35B4-965D-4EC5-AA2B-EA1DB54B5FA0}.Release|Any CPU.Build.0 = Release|Any CPU
	EndGlobalSection
	GlobalSection(SolutionProperties) = preSolution
		HideSolutionNode = FALSE
	EndGlobalSection
	GlobalSection(ExtensibilityGlobals) = postSolution
		SolutionGuid = {4F78A0E1-0FE7-4AC7-A48E-15734A3A378A}
	EndGlobalSection
EndGlobal
