
Microsoft Visual Studio Solution File, Format Version 12.00
# Visual Studio Version 17
VisualStudioVersion = 17.9.34607.119
MinimumVisualStudioVersion = 10.0.40219.1
Project("{FAE04EC0-301F-11D3-BF4B-00C04F79EFBC}") = "testCheyadaniki", "testCheyadaniki.csproj", "{786D43A0-AEFA-4335-B531-36E01F5CC6DF}"
EndProject
Global
	GlobalSection(SolutionConfigurationPlatforms) = preSolution
		Debug|Any CPU = Debug|Any CPU
		Release|Any CPU = Release|Any CPU
	EndGlobalSection
	GlobalSection(ProjectConfigurationPlatforms) = postSolution
		{786D43A0-AEFA-4335-B531-36E01F5CC6DF}.Debug|Any CPU.ActiveCfg = Debug|Any CPU
		{786D43A0-AEFA-4335-B531-36E01F5CC6DF}.Debug|Any CPU.Build.0 = Debug|Any CPU
		{786D43A0-AEFA-4335-B531-36E01F5CC6DF}.Release|Any CPU.ActiveCfg = Release|Any CPU
		{786D43A0-AEFA-4335-B531-36E01F5CC6DF}.Release|Any CPU.Build.0 = Release|Any CPU
	EndGlobalSection
	GlobalSection(SolutionProperties) = preSolution
		HideSolutionNode = FALSE
	EndGlobalSection
	GlobalSection(ExtensibilityGlobals) = postSolution
		SolutionGuid = {DC6CC1A2-3289-4457-A7B1-E90018033175}
	EndGlobalSection
EndGlobal
